# THIS IS AN AUTOGENERATED FILE. DO NOT EDIT THIS FILE DIRECTLY.
# yarn lockfile v1


"@fengyuanchen/datepicker@^0.6.5":
  version "0.6.5"
  resolved "https://registry.yarnpkg.com/@fengyuanchen/datepicker/-/datepicker-0.6.5.tgz#7b8d94c018ca02e9440be29f19993a31e3a90fa9"
  integrity sha512-+HwjRUBilmoG+SnhQbbInsBSyvRMRUBZMX2hbHuqonYmp+zY70U9HrHU1TAqrMFjZ0JwoAiGQbQ65H4zKtmLvQ==

animejs@^3.0.1:
  version "3.0.1"
  resolved "https://registry.yarnpkg.com/animejs/-/animejs-3.0.1.tgz#8b808bad575e3b6106489d8b04b92bc4062166fe"
  integrity sha512-7mMoBQScvA7s4zm3EVgnuXXrtOu6TJNAhU+Ajo7HsXYH0NwbuZIcRHMO65a9NyUlmAXz4VPxlK5cENNOQbCi8g==

bootstrap@^4.2.1:
  version "4.2.1"
  resolved "https://registry.yarnpkg.com/bootstrap/-/bootstrap-4.2.1.tgz#8f8bdca024dbf0e8644da32e918c8a03a90a5757"
  integrity sha512-tt/7vIv3Gm2mnd/WeDx36nfGGHleil0Wg8IeB7eMrVkY0fZ5iTaBisSh8oNANc2IBsCc6vCgCNTIM/IEN0+50Q==

dom7@^2.1.3:
  version "2.1.3"
  resolved "https://registry.yarnpkg.com/dom7/-/dom7-2.1.3.tgz#a736f9c3bfbc4ca039a81cd095f97d1d7f3de19c"
  integrity sha512-QTxHHDox+M6ZFz1zHPAHZKI3JOHY5iY4i9BK2uctlggxKQwRhO3q3HHFq1BKsT25Bm/ySSj70K6Wk/G4bs9rMQ==
  dependencies:
    ssr-window "^1.0.1"

intersection-observer@^0.5.1:
  version "0.5.1"
  resolved "https://registry.yarnpkg.com/intersection-observer/-/intersection-observer-0.5.1.tgz#e340fc56ce74290fe2b2394d1ce88c4353ac6dfa"
  integrity sha512-Zd7Plneq82kiXFixs7bX62YnuZ0BMRci9br7io88LwDyF3V43cQMI+G5IiTlTNTt+LsDUppl19J/M2Fp9UkH6g==

jquery-creditcardvalidator@^1.0.0:
  version "1.0.0"
  resolved "https://registry.yarnpkg.com/jquery-creditcardvalidator/-/jquery-creditcardvalidator-1.0.0.tgz#da5ed12e1a9c6221fc5ce5d650bc8ea74f09ceda"
  integrity sha1-2l7RLhqcYiH8XOXWULyOp08Jzto=

jquery-mask-plugin@^1.14.15:
  version "1.14.15"
  resolved "https://registry.yarnpkg.com/jquery-mask-plugin/-/jquery-mask-plugin-1.14.15.tgz#9daabb41024383cba2a793bacfa46ef8f87273a5"
  integrity sha512-/mI1N5WG9E7JmjFWIQBIMuG/4QlZDAXuoNjHoqVWZSMah+go5hp/xKI/xC0Jud9Ly4HqqhFxY4AXLTUZT+J7Hg==

jquery.easing@^1.4.1:
  version "1.4.1"
  resolved "https://registry.yarnpkg.com/jquery.easing/-/jquery.easing-1.4.1.tgz#47982c5836bd758fd48494923c4a101ef6e93e3b"
  integrity sha1-R5gsWDa9dY/UhJSSPEoQHvbpPjs=

jquery.payment@^3.0.0:
  version "3.0.0"
  resolved "https://registry.yarnpkg.com/jquery.payment/-/jquery.payment-3.0.0.tgz#71b2319547cf430bdaeebd1091b77d6cae5cd505"
  integrity sha1-cbIxlUfPQwva7r0Qkbd9bK5c1QU=
  dependencies:
    jquery ">=1.7"

jquery.scrollto@^2.1.2:
  version "2.1.2"
  resolved "https://registry.yarnpkg.com/jquery.scrollto/-/jquery.scrollto-2.1.2.tgz#e7580d9c7ac46ef5bb25319483f6f45713fd7c6c"
  integrity sha1-51gNnHrEbvW7JTGUg/b0VxP9fGw=
  dependencies:
    jquery ">=1.8"

jquery@>=1.7, jquery@>=1.8, jquery@>=1.8.0, jquery@^3.1.1:
  version "3.4.1"
  resolved "https://registry.yarnpkg.com/jquery/-/jquery-3.4.1.tgz#714f1f8d9dde4bdfa55764ba37ef214630d80ef2"
  integrity sha512-36+AdBzCL+y6qjw5Tx7HgzeGCzC81MDDgaUP8ld2zhx58HdqXGoBd+tHdrBMiyjGQs0Hxs/MLZTu/eHNJJuWPw==

jquery@^3.3.1:
  version "3.3.1"
  resolved "https://registry.yarnpkg.com/jquery/-/jquery-3.3.1.tgz#958ce29e81c9790f31be7792df5d4d95fc57fbca"
  integrity sha512-Ubldcmxp5np52/ENotGxlLe6aGMvmF4R8S6tZjsP6Knsaxd/xp3Zrh50cG93lR6nPXyUFwzN3ZSOQI0wRJNdGg==

lodash@^4.17.14:
  version "4.17.14"
  resolved "https://registry.yarnpkg.com/lodash/-/lodash-4.17.14.tgz#9ce487ae66c96254fe20b599f21b6816028078ba"
  integrity sha512-mmKYbW3GLuJeX+iGP+Y7Gp1AiGHGbXHCOh/jZmrawMmsE7MS4znI3RL2FsjbqOyMayHInjOeykW7PEajUk1/xw==

lozad@^1.9.0:
  version "1.9.0"
  resolved "https://registry.yarnpkg.com/lozad/-/lozad-1.9.0.tgz#75e71ea9e379c744c2ad7ecc37a5858a25674595"
  integrity sha512-JHLl59h3ESVfZEDyCeSlB3afZAIUZ6oA98hU3F6GZPRrPFWSuf6Z6zjMko+NEWpWfI7gGOMhE0d3txloLL2QiQ==

moment@^2.24.0:
  version "2.24.0"
  resolved "https://registry.yarnpkg.com/moment/-/moment-2.24.0.tgz#0d055d53f5052aa653c9f6eb68bb5d12bf5c2b5b"
  integrity sha512-bV7f+6l2QigeBBZSM/6yTNq4P2fNpSWj/0e7jQcy87A8e7o2nAfP/34/2ky5Vw4B9S446EtIhodAzkFCcR4dQg==

numeral@^2.0.6:
  version "2.0.6"
  resolved "https://registry.yarnpkg.com/numeral/-/numeral-2.0.6.tgz#4ad080936d443c2561aed9f2197efffe25f4e506"
  integrity sha1-StCAk21EPCVhrtnyGX7//iX05QY=

parsleyjs@^2.9.1:
  version "2.9.1"
  resolved "https://registry.yarnpkg.com/parsleyjs/-/parsleyjs-2.9.1.tgz#fd79f7a1b1fe9138993b5e82f9bbc3e38fd3763d"
  integrity sha512-2WSe+HsOZEPqXh9bFdi/vgWNQtGRRnAgS3v12qesMAabxVdLE7Oj7b+2UzcZ80eG23g1SxiMUH978Dk/wSkt+w==
  dependencies:
    jquery ">=1.8.0"

pickmeup@^3.2.1:
  version "3.2.1"
  resolved "https://registry.yarnpkg.com/pickmeup/-/pickmeup-3.2.1.tgz#bb7df7e9ff6ed6219298e5a74ccfcf38e3454c22"
  integrity sha512-qd5tia6V+XNtRMZMVPfRqlY9dXIbS/SzPozAGaZfE7soYeBjlj5/EDiAoqz8bK1aJvzs3US5eyv0/gC/g2fkZQ==

selectric@^1.13.0:
  version "1.13.0"
  resolved "https://registry.yarnpkg.com/selectric/-/selectric-1.13.0.tgz#7ce8a750078bb6d1c44347216cae5610e2440985"
  integrity sha512-kb1iOLBTvg0EiVieJjXlFj07RTKoom0a3/SedWD1tuQ47N2S9l4gvkhTvGhhhhdh/zCgkbZ44/GiczT8dWfAGA==
  dependencies:
    jquery "^3.1.1"

ssr-window@^1.0.1:
  version "1.0.1"
  resolved "https://registry.yarnpkg.com/ssr-window/-/ssr-window-1.0.1.tgz#30752a6a4666e7767f0b7e6aa6fc2fdbd0d9b369"
  integrity sha512-dgFqB+f00LJTEgb6UXhx0h+SrG50LJvti2yMKMqAgzfUmUXZrLSv2fjULF7AWGwK25EXu8+smLR3jYsJQChPsg==

swiper@^4.5.0:
  version "4.5.1"
  resolved "https://registry.yarnpkg.com/swiper/-/swiper-4.5.1.tgz#ed43998e780ceb478610079c8d23fd425eca636f"
  integrity sha512-se6I7PWWu950NAMXXT+ENtF/6SVb8mPyO+bTfNxbQBILSeLqsYp3Ndap+YOA0EczOIUlea274PKejT6gKZDseA==
  dependencies:
    dom7 "^2.1.3"
    ssr-window "^1.0.1"

vue@^2.6.10:
  version "2.6.10"
  resolved "https://registry.yarnpkg.com/vue/-/vue-2.6.10.tgz#a72b1a42a4d82a721ea438d1b6bf55e66195c637"
  integrity sha512-ImThpeNU9HbdZL3utgMCq0oiMzAkt1mcgy3/E6zWC/G6AaQoeuFdsl9nDhTDU3X1R6FK7nsIUuRACVcjI+A2GQ==
